<Solution>
  <Project Path="CadParcial2Jdhf/CadParcial2Jdhf.csproj" Id="4377366a-cf7e-4211-ba9f-be598aa72ca6" />
  <Project Path="ClnParcial2Jdhf/ClnParcial2Jdhf.csproj" Id="fdbace34-d90c-46fa-b762-b79c12785d08" />
  <Project Path="CpParcial2Jdhf/CpParcial2Jdhf.csproj" Id="831aab2f-d154-49d6-ab1f-8c7f1f4d4a43" />
</Solution>
